{
  "name": "clarity-ladder",
  "lockfileVersion": 3,
  "requires": true,
  "packages": {
    "": {
      "dependencies": {
        "@lobehub/icons-static-svg": "^1.95.1",
        "devicon": "^2.17.0",
        "gsap": "^3.15.0",
        "jsqr": "^1.4.0",
        "playwright-core": "^1.63.0",
        "simple-icons": "^16.32.0",
        "super-tiny-icons": "^0.6.0"
      }
    },
    "node_modules/@lobehub/icons-static-svg": {
      "version": "1.95.1",
      "resolved": "https://registry.npmjs.org/@lobehub/icons-static-svg/-/icons-static-svg-1.95.1.tgz",
      "integrity": "sha512-Hw7EPPgVnC4NZLXBfTNJG6hyQgqECfUPC11VVXodPSr1aebKcFxDZlSpxhWwYNdCc6bhxps/x5TtXoPmfKH2ag==",
      "license": "MIT"
    },
    "node_modules/devicon": {
      "version": "2.17.0",
      "resolved": "https://registry.npmjs.org/devicon/-/devicon-2.17.0.tgz",
      "integrity": "sha512-2nKUdjobJlmRSaCHa50PGsVq0VDURnq9gVzQoJggsM/NKN0tLhC/Uq2zmy2pH36Q/1q3gvYwp/GjTgv/R0Ysbg==",
      "license": "MIT"
    },
    "node_modules/gsap": {
      "version": "3.15.0",
      "resolved": "https://registry.npmjs.org/gsap/-/gsap-3.15.0.tgz",
      "integrity": "sha512-dMW4CWBTUK1AEEDeZc1g4xpPGIrSf9fJF960qbTZmN/QwZIWY5wgliS6JWl9/25fpTGJrMRtSjGtOmPnfjZB+A==",
      "license": "Standard 'no charge' license: https://gsap.com/standard-license."
    },
    "node_modules/jsqr": {
      "version": "1.4.0",
      "resolved": "https://registry.npmjs.org/jsqr/-/jsqr-1.4.0.tgz",
      "integrity": "sha512-dxLob7q65Xg2DvstYkRpkYtmKm2sPJ9oFhrhmudT1dZvNFFTlroai3AWSpLey/w5vMcLBXRgOJsbXpdN9HzU/A==",
      "license": "Apache-2.0"
    },
    "node_modules/opencollective-postinstall": {
      "version": "2.0.3",
      "resolved": "https://registry.npmjs.org/opencollective-postinstall/-/opencollective-postinstall-2.0.3.tgz",
      "integrity": "sha512-8AV/sCtuzUeTo8gQK5qDZzARrulB3egtLzFgteqB2tcT4Mw7B8Kt7JcDHmltjz6FOAHsvTevk70gZEbhM4ZS9Q==",
      "license": "MIT",
      "bin": {
        "opencollective-postinstall": "index.js"
      }
    },
    "node_modules/playwright-core": {
      "version": "1.63.0",
      "resolved": "https://registry.npmjs.org/playwright-core/-/playwright-core-1.63.0.tgz",
      "integrity": "sha512-rYCsBF/M5HjUch52bbtVONEFjv6Xu8sm8h72dNlR5bzIE1fvC/bxgspzkjSfU+MweEMmPM8KJebG6nnyxo5mCg==",
      "license": "Apache-2.0",
      "bin": {
        "playwright-core": "cli.js"
      },
      "engines": {
        "node": ">=20"
      }
    },
    "node_modules/simple-icons": {
      "version": "16.32.0",
      "resolved": "https://registry.npmjs.org/simple-icons/-/simple-icons-16.32.0.tgz",
      "integrity": "sha512-BwqATHxAulx7X6kNdTkecy7PBjLkgtAHcgrwYLd9iA+cD2At9DzhJwdwaSELk2+aZe01IfiM/Wxtyp68Dvup2A==",
      "funding": [
        {
          "type": "opencollective",
          "url": "https://opencollective.com/simple-icons"
        },
        {
          "type": "github",
          "url": "https://github.com/sponsors/simple-icons"
        }
      ],
      "license": "CC0-1.0",
      "engines": {
        "node": ">=0.12.18"
      }
    },
    "node_modules/super-tiny-icons": {
      "version": "0.6.0",
      "resolved": "https://registry.npmjs.org/super-tiny-icons/-/super-tiny-icons-0.6.0.tgz",
      "integrity": "sha512-xJ7jIAO8qCnmXQBcHdBA4oSdvyiDM4aWX/mViWaLNhBnDE9/xwsKTakObdhEUs36JZ/rfzqI+Uc72LgnPxvPUw==",
      "hasInstallScript": true,
      "license": "MIT",
      "dependencies": {
        "opencollective-postinstall": "^2.0.2"
      }
    }
  }
}
